
Microsoft Visual Studio Solution File, Format Version 12.00
# Visual Studio Version 17
VisualStudioVersion = 17.0.32126.317
MinimumVisualStudioVersion = 10.0.40219.1
Project("{FAE04EC0-301F-11D3-BF4B-00C04F79EFBC}") = "Example", "Example\Example.csproj", "{09CE4122-B2E2-4CD5-AB6B-2A3AE95ED8E8}"
EndProject
Global
	GlobalSection(SolutionConfigurationPlatforms) = preSolution
		Debug|Any CPU = Debug|Any CPU
		Release|Any CPU = Release|Any CPU
	EndGlobalSection
	GlobalSection(ProjectConfigurationPlatforms) = postSolution
		{09CE4122-B2E2-4CD5-AB6B-2A3AE95ED8E8}.Debug|Any CPU.ActiveCfg = Debug|Any CPU
		{09CE4122-B2E2-4CD5-AB6B-2A3AE95ED8E8}.Debug|Any CPU.Build.0 = Debug|Any CPU
		{09CE4122-B2E2-4CD5-AB6B-2A3AE95ED8E8}.Release|Any CPU.ActiveCfg = Release|Any CPU
		{09CE4122-B2E2-4CD5-AB6B-2A3AE95ED8E8}.Release|Any CPU.Build.0 = Release|Any CPU
	EndGlobalSection
	GlobalSection(SolutionProperties) = preSolution
		HideSolutionNode = FALSE
	EndGlobalSection
	GlobalSection(ExtensibilityGlobals) = postSolution
		SolutionGuid = {C41194E0-C479-4684-9099-09BC7D8D374A}
	EndGlobalSection
EndGlobal
