
Microsoft Visual Studio Solution File, Format Version 12.00
# Visual Studio 15
VisualStudioVersion = 15.0.28307.757
MinimumVisualStudioVersion = 10.0.40219.1
Project("{9A19103F-16F7-4668-BE54-9A1E7A4F7556}") = "WmClient-dotNetCore", "WmClient-dotNetCore.csproj", "{44741583-ED5F-4590-BE85-C1FC3972C7CA}"
EndProject
Project("{9A19103F-16F7-4668-BE54-9A1E7A4F7556}") = "WmClient-DotNetCore-NUnitTest", "..\NUnit-Test\WmClient-DotNetCore-NUnitTest.csproj", "{95F045EC-436E-43B2-B230-90DA0685BBCD}"
EndProject
Global
	GlobalSection(SolutionConfigurationPlatforms) = preSolution
		Debug|Any CPU = Debug|Any CPU
		Release|Any CPU = Release|Any CPU
	EndGlobalSection
	GlobalSection(ProjectConfigurationPlatforms) = postSolution
		{44741583-ED5F-4590-BE85-C1FC3972C7CA}.Debug|Any CPU.ActiveCfg = Debug|Any CPU
		{44741583-ED5F-4590-BE85-C1FC3972C7CA}.Debug|Any CPU.Build.0 = Debug|Any CPU
		{44741583-ED5F-4590-BE85-C1FC3972C7CA}.Release|Any CPU.ActiveCfg = Release|Any CPU
		{44741583-ED5F-4590-BE85-C1FC3972C7CA}.Release|Any CPU.Build.0 = Release|Any CPU
		{95F045EC-436E-43B2-B230-90DA0685BBCD}.Debug|Any CPU.ActiveCfg = Debug|Any CPU
		{95F045EC-436E-43B2-B230-90DA0685BBCD}.Debug|Any CPU.Build.0 = Debug|Any CPU
		{95F045EC-436E-43B2-B230-90DA0685BBCD}.Release|Any CPU.ActiveCfg = Release|Any CPU
		{95F045EC-436E-43B2-B230-90DA0685BBCD}.Release|Any CPU.Build.0 = Release|Any CPU
	EndGlobalSection
	GlobalSection(SolutionProperties) = preSolution
		HideSolutionNode = FALSE
	EndGlobalSection
	GlobalSection(ExtensibilityGlobals) = postSolution
		SolutionGuid = {EACBD791-6CDC-4306-AFC1-89161523B629}
	EndGlobalSection
EndGlobal
