
Microsoft Visual Studio Solution File, Format Version 12.00
# Visual Studio 14
VisualStudioVersion = 14.0.25420.1
MinimumVisualStudioVersion = 10.0.40219.1
Project("{FAE04EC0-301F-11D3-BF4B-00C04F79EFBC}") = "WmClient", "WmClient.csproj", "{AD52B9AC-C6A6-4EAA-9EDF-2F565BF10A13}"
EndProject
Project("{FAE04EC0-301F-11D3-BF4B-00C04F79EFBC}") = "NUnit-Test", "..\NUnit-Test\NUnit-Test.csproj", "{BCFF5C96-7095-4097-8021-0B1FB75C9F72}"
EndProject
Global
	GlobalSection(SolutionConfigurationPlatforms) = preSolution
		Debug|Any CPU = Debug|Any CPU
		Obfuscated|Any CPU = Obfuscated|Any CPU
		Release|Any CPU = Release|Any CPU
	EndGlobalSection
	GlobalSection(ProjectConfigurationPlatforms) = postSolution
		{AD52B9AC-C6A6-4EAA-9EDF-2F565BF10A13}.Debug|Any CPU.ActiveCfg = Debug|Any CPU
		{AD52B9AC-C6A6-4EAA-9EDF-2F565BF10A13}.Debug|Any CPU.Build.0 = Debug|Any CPU
		{AD52B9AC-C6A6-4EAA-9EDF-2F565BF10A13}.Obfuscated|Any CPU.ActiveCfg = Obfuscated|Any CPU
		{AD52B9AC-C6A6-4EAA-9EDF-2F565BF10A13}.Obfuscated|Any CPU.Build.0 = Obfuscated|Any CPU
		{AD52B9AC-C6A6-4EAA-9EDF-2F565BF10A13}.Release|Any CPU.ActiveCfg = Release|Any CPU
		{AD52B9AC-C6A6-4EAA-9EDF-2F565BF10A13}.Release|Any CPU.Build.0 = Release|Any CPU
		{BCFF5C96-7095-4097-8021-0B1FB75C9F72}.Debug|Any CPU.ActiveCfg = Debug|Any CPU
		{BCFF5C96-7095-4097-8021-0B1FB75C9F72}.Debug|Any CPU.Build.0 = Debug|Any CPU
		{BCFF5C96-7095-4097-8021-0B1FB75C9F72}.Debug|Any CPU.Deploy.0 = Debug|Any CPU
		{BCFF5C96-7095-4097-8021-0B1FB75C9F72}.Obfuscated|Any CPU.ActiveCfg = Release|Any CPU
		{BCFF5C96-7095-4097-8021-0B1FB75C9F72}.Obfuscated|Any CPU.Build.0 = Release|Any CPU
		{BCFF5C96-7095-4097-8021-0B1FB75C9F72}.Release|Any CPU.ActiveCfg = Release|Any CPU
		{BCFF5C96-7095-4097-8021-0B1FB75C9F72}.Release|Any CPU.Build.0 = Release|Any CPU
	EndGlobalSection
	GlobalSection(SolutionProperties) = preSolution
		HideSolutionNode = FALSE
	EndGlobalSection
EndGlobal
